
Microsoft Visual Studio Solution File, Format Version 12.00
# Visual Studio Version 17
VisualStudioVersion = 17.13.35825.156 d17.13
MinimumVisualStudioVersion = 10.0.40219.1
Project("{FAE04EC0-301F-11D3-BF4B-00C04F79EFBC}") = "RazorCutomer", "RazorCutomer\RazorCutomer.csproj", "{904B5315-A03A-4C71-8E84-C9D7F19A2B5D}"
EndProject
Global
	GlobalSection(SolutionConfigurationPlatforms) = preSolution
		Debug|Any CPU = Debug|Any CPU
		Release|Any CPU = Release|Any CPU
	EndGlobalSection
	GlobalSection(ProjectConfigurationPlatforms) = postSolution
		{904B5315-A03A-4C71-8E84-C9D7F19A2B5D}.Debug|Any CPU.ActiveCfg = Debug|Any CPU
		{904B5315-A03A-4C71-8E84-C9D7F19A2B5D}.Debug|Any CPU.Build.0 = Debug|Any CPU
		{904B5315-A03A-4C71-8E84-C9D7F19A2B5D}.Release|Any CPU.ActiveCfg = Release|Any CPU
		{904B5315-A03A-4C71-8E84-C9D7F19A2B5D}.Release|Any CPU.Build.0 = Release|Any CPU
	EndGlobalSection
	GlobalSection(SolutionProperties) = preSolution
		HideSolutionNode = FALSE
	EndGlobalSection
	GlobalSection(ExtensibilityGlobals) = postSolution
		SolutionGuid = {F749F244-E884-4C40-B3AE-20F96594AC90}
	EndGlobalSection
EndGlobal
